{
  "version": 4,
  "terraform_version": "1.3.9",
  "serial": 52,
  "lineage": "7b21146e-f68a-7a13-7665-82bd64024a81",
  "outputs": {},
  "resources": [
    {
      "mode": "managed",
      "type": "azurerm_public_ip",
      "name": "example",
      "provider": "provider[\"registry.terraform.io/hashicorp/azurerm\"]",
      "instances": [
        {
          "schema_version": 0,
          "attributes": {
            "allocation_method": "Dynamic",
            "ddos_protection_mode": "VirtualNetworkInherited",
            "ddos_protection_plan_id": null,
            "domain_name_label": null,
            "edge_zone": "",
            "fqdn": null,
            "id": "/subscriptions/b616b1c5-9fab-4f73-b009-5a545bc0378e/resourceGroups/siva-dev-rg/providers/Microsoft.Network/publicIPAddresses/test",
            "idle_timeout_in_minutes": 4,
            "ip_address": "13.68.245.53",
            "ip_tags": {},
            "ip_version": "IPv4",
            "location": "eastus",
            "name": "test",
            "public_ip_prefix_id": null,
            "resource_group_name": "siva-dev-rg",
            "reverse_fqdn": null,
            "sku": "Basic",
            "sku_tier": "Regional",
            "tags": {},
            "timeouts": null,
            "zones": []
          },
          "sensitive_attributes": [],
          "private": "eyJlMmJmYjczMC1lY2FhLTExZTYtOGY4OC0zNDM2M2JjN2M0YzAiOnsiY3JlYXRlIjoxODAwMDAwMDAwMDAwLCJkZWxldGUiOjE4MDAwMDAwMDAwMDAsInJlYWQiOjMwMDAwMDAwMDAwMCwidXBkYXRlIjoxODAwMDAwMDAwMDAwfX0=",
          "dependencies": [
            "azurerm_resource_group.rg"
          ]
        }
      ]
    },
    {
      "mode": "managed",
      "type": "azurerm_resource_group",
      "name": "rg",
      "provider": "provider[\"registry.terraform.io/hashicorp/azurerm\"]",
      "instances": [
        {
          "schema_version": 0,
          "attributes": {
            "id": "/subscriptions/b616b1c5-9fab-4f73-b009-5a545bc0378e/resourceGroups/siva-dev-rg",
            "location": "eastus",
            "managed_by": "",
            "name": "siva-dev-rg",
            "tags": {},
            "timeouts": null
          },
          "sensitive_attributes": [],
          "private": "eyJlMmJmYjczMC1lY2FhLTExZTYtOGY4OC0zNDM2M2JjN2M0YzAiOnsiY3JlYXRlIjo1NDAwMDAwMDAwMDAwLCJkZWxldGUiOjU0MDAwMDAwMDAwMDAsInJlYWQiOjMwMDAwMDAwMDAwMCwidXBkYXRlIjo1NDAwMDAwMDAwMDAwfX0="
        }
      ]
    },
    {
      "mode": "managed",
      "type": "azurerm_subnet",
      "name": "gatewaysubnet",
      "provider": "provider[\"registry.terraform.io/hashicorp/azurerm\"]",
      "instances": [
        {
          "schema_version": 0,
          "attributes": {
            "address_prefixes": [
              "10.10.4.0/27"
            ],
            "delegation": [],
            "enforce_private_link_endpoint_network_policies": false,
            "enforce_private_link_service_network_policies": false,
            "id": "/subscriptions/b616b1c5-9fab-4f73-b009-5a545bc0378e/resourceGroups/siva-dev-rg/providers/Microsoft.Network/virtualNetworks/siva-dev-vnet/subnets/GatewaySubnet",
            "name": "GatewaySubnet",
            "private_endpoint_network_policies_enabled": true,
            "private_link_service_network_policies_enabled": true,
            "resource_group_name": "siva-dev-rg",
            "service_endpoint_policy_ids": [],
            "service_endpoints": [],
            "timeouts": null,
            "virtual_network_name": "siva-dev-vnet"
          },
          "sensitive_attributes": [],
          "private": "eyJlMmJmYjczMC1lY2FhLTExZTYtOGY4OC0zNDM2M2JjN2M0YzAiOnsiY3JlYXRlIjoxODAwMDAwMDAwMDAwLCJkZWxldGUiOjE4MDAwMDAwMDAwMDAsInJlYWQiOjMwMDAwMDAwMDAwMCwidXBkYXRlIjoxODAwMDAwMDAwMDAwfX0=",
          "dependencies": [
            "azurerm_resource_group.rg",
            "azurerm_virtual_network.vnet"
          ]
        }
      ]
    },
    {
      "mode": "managed",
      "type": "azurerm_virtual_network",
      "name": "vnet",
      "provider": "provider[\"registry.terraform.io/hashicorp/azurerm\"]",
      "instances": [
        {
          "schema_version": 0,
          "attributes": {
            "address_space": [
              "10.10.0.0/16"
            ],
            "bgp_community": "",
            "ddos_protection_plan": [],
            "dns_servers": [],
            "edge_zone": "",
            "encryption": [],
            "flow_timeout_in_minutes": 0,
            "guid": "9570cc54-dd95-4947-921e-384db1ba99a5",
            "id": "/subscriptions/b616b1c5-9fab-4f73-b009-5a545bc0378e/resourceGroups/siva-dev-rg/providers/Microsoft.Network/virtualNetworks/siva-dev-vnet",
            "location": "eastus",
            "name": "siva-dev-vnet",
            "resource_group_name": "siva-dev-rg",
            "subnet": [
              {
                "address_prefix": "10.10.2.0/24",
                "id": "/subscriptions/b616b1c5-9fab-4f73-b009-5a545bc0378e/resourceGroups/siva-dev-rg/providers/Microsoft.Network/virtualNetworks/siva-dev-vnet/subnets/siva-dev-subnet1",
                "name": "siva-dev-subnet1",
                "security_group": ""
              },
              {
                "address_prefix": "10.10.3.0/24",
                "id": "/subscriptions/b616b1c5-9fab-4f73-b009-5a545bc0378e/resourceGroups/siva-dev-rg/providers/Microsoft.Network/virtualNetworks/siva-dev-vnet/subnets/siva-dev-subnet2",
                "name": "siva-dev-subnet2",
                "security_group": ""
              },
              {
                "address_prefix": "10.10.4.0/27",
                "id": "/subscriptions/b616b1c5-9fab-4f73-b009-5a545bc0378e/resourceGroups/siva-dev-rg/providers/Microsoft.Network/virtualNetworks/siva-dev-vnet/subnets/GatewaySubnet",
                "name": "GatewaySubnet",
                "security_group": ""
              }
            ],
            "tags": {
              "environment": "dev"
            },
            "timeouts": null
          },
          "sensitive_attributes": [],
          "private": "eyJlMmJmYjczMC1lY2FhLTExZTYtOGY4OC0zNDM2M2JjN2M0YzAiOnsiY3JlYXRlIjoxODAwMDAwMDAwMDAwLCJkZWxldGUiOjE4MDAwMDAwMDAwMDAsInJlYWQiOjMwMDAwMDAwMDAwMCwidXBkYXRlIjoxODAwMDAwMDAwMDAwfX0=",
          "dependencies": [
            "azurerm_resource_group.rg"
          ]
        }
      ]
    },
    {
      "mode": "managed",
      "type": "azurerm_virtual_network_gateway",
      "name": "example",
      "provider": "provider[\"registry.terraform.io/hashicorp/azurerm\"]",
      "instances": [
        {
          "schema_version": 0,
          "attributes": {
            "active_active": false,
            "bgp_settings": [
              {
                "asn": 65515,
                "peer_weight": 0,
                "peering_addresses": [
                  {
                    "apipa_addresses": [],
                    "default_addresses": [
                      "10.10.4.30"
                    ],
                    "ip_configuration_name": "vnetGatewayConfig",
                    "tunnel_ip_addresses": [
                      "13.68.245.53"
                    ]
                  }
                ]
              }
            ],
            "custom_route": [],
            "default_local_network_gateway_id": null,
            "edge_zone": "",
            "enable_bgp": false,
            "generation": "Generation1",
            "id": "/subscriptions/b616b1c5-9fab-4f73-b009-5a545bc0378e/resourceGroups/siva-dev-rg/providers/Microsoft.Network/virtualNetworkGateways/dev-vng",
            "ip_configuration": [
              {
                "name": "vnetGatewayConfig",
                "private_ip_address_allocation": "Dynamic",
                "public_ip_address_id": "/subscriptions/b616b1c5-9fab-4f73-b009-5a545bc0378e/resourceGroups/siva-dev-rg/providers/Microsoft.Network/publicIPAddresses/test",
                "subnet_id": "/subscriptions/b616b1c5-9fab-4f73-b009-5a545bc0378e/resourceGroups/siva-dev-rg/providers/Microsoft.Network/virtualNetworks/siva-dev-vnet/subnets/GatewaySubnet"
              }
            ],
            "location": "eastus",
            "name": "dev-vng",
            "private_ip_address_enabled": false,
            "resource_group_name": "siva-dev-rg",
            "sku": "VpnGw2",
            "tags": {},
            "timeouts": null,
            "type": "Vpn",
            "vpn_client_configuration": [],
            "vpn_type": "RouteBased"
          },
          "sensitive_attributes": [],
          "private": "eyJlMmJmYjczMC1lY2FhLTExZTYtOGY4OC0zNDM2M2JjN2M0YzAiOnsiY3JlYXRlIjo1NDAwMDAwMDAwMDAwLCJkZWxldGUiOjM2MDAwMDAwMDAwMDAsInJlYWQiOjMwMDAwMDAwMDAwMCwidXBkYXRlIjozNjAwMDAwMDAwMDAwfX0=",
          "dependencies": [
            "azurerm_public_ip.example",
            "azurerm_resource_group.rg",
            "azurerm_subnet.gatewaysubnet",
            "azurerm_virtual_network.vnet"
          ]
        }
      ]
    }
  ],
  "check_results": null
}
